
Microsoft Visual Studio Solution File, Format Version 12.00
# Visual Studio 15
VisualStudioVersion = 15.0.27130.2020
MinimumVisualStudioVersion = 10.0.40219.1
Project("{8BC9CEB8-8B4A-11D0-8D11-00A0C91BC942}") = "CS438 Homework2 - Callahan", "CS438 Homework2 - Callahan\CS438 Homework2 - Callahan.vcxproj", "{365DA3AB-F4EA-4847-A6E6-FED8C827F12F}"
EndProject
Global
	GlobalSection(SolutionConfigurationPlatforms) = preSolution
		Debug|x64 = Debug|x64
		Debug|x86 = Debug|x86
		Release|x64 = Release|x64
		Release|x86 = Release|x86
	EndGlobalSection
	GlobalSection(ProjectConfigurationPlatforms) = postSolution
		{365DA3AB-F4EA-4847-A6E6-FED8C827F12F}.Debug|x64.ActiveCfg = Debug|x64
		{365DA3AB-F4EA-4847-A6E6-FED8C827F12F}.Debug|x64.Build.0 = Debug|x64
		{365DA3AB-F4EA-4847-A6E6-FED8C827F12F}.Debug|x86.ActiveCfg = Debug|Win32
		{365DA3AB-F4EA-4847-A6E6-FED8C827F12F}.Debug|x86.Build.0 = Debug|Win32
		{365DA3AB-F4EA-4847-A6E6-FED8C827F12F}.Release|x64.ActiveCfg = Release|x64
		{365DA3AB-F4EA-4847-A6E6-FED8C827F12F}.Release|x64.Build.0 = Release|x64
		{365DA3AB-F4EA-4847-A6E6-FED8C827F12F}.Release|x86.ActiveCfg = Release|Win32
		{365DA3AB-F4EA-4847-A6E6-FED8C827F12F}.Release|x86.Build.0 = Release|Win32
	EndGlobalSection
	GlobalSection(SolutionProperties) = preSolution
		HideSolutionNode = FALSE
	EndGlobalSection
	GlobalSection(ExtensibilityGlobals) = postSolution
		SolutionGuid = {6D6FCF3F-A8FF-4C55-9A35-0840330D0CD7}
	EndGlobalSection
EndGlobal
